
Microsoft Visual Studio Solution File, Format Version 12.00
# Visual Studio Version 17
VisualStudioVersion = 17.4.33205.214
MinimumVisualStudioVersion = 10.0.40219.1
Project("{FAE04EC0-301F-11D3-BF4B-00C04F79EFBC}") = "Valuegate.API", "valuegateAPI\Valuegate.API.csproj", "{D48D6487-3B67-46EF-8BA0-BA2FD8EBF581}"
EndProject
Project("{FAE04EC0-301F-11D3-BF4B-00C04F79EFBC}") = "Valuegate.Application", "valuegate.Application\Valuegate.Application.csproj", "{3C87133E-AA38-4C3D-B773-E0481B5475A0}"
EndProject
Project("{FAE04EC0-301F-11D3-BF4B-00C04F79EFBC}") = "Valuegate.Domain", "valuegate.Domain\Valuegate.Domain.csproj", "{89E684D8-38A2-4739-A9C9-93ABD30EBC60}"
EndProject
Project("{FAE04EC0-301F-11D3-BF4B-00C04F79EFBC}") = "Valuegate.Infrastructure", "valuegate.Infrastructure\Valuegate.Infrastructure.csproj", "{D7BE8DD8-5E90-4358-9B22-B104E60310DD}"
EndProject
Project("{FAE04EC0-301F-11D3-BF4B-00C04F79EFBC}") = "Valuegate.Common", "valuegate.Common\Valuegate.Common.csproj", "{A235B452-3254-4D7A-AD4D-A438546622F0}"
EndProject
Project("{FAE04EC0-301F-11D3-BF4B-00C04F79EFBC}") = "Valuegate.Tests.Integration", "Valuegate.Tests.Integration\Valuegate.Tests.Integration.csproj", "{A116BDB6-121B-46EF-8A83-FF240BBE0170}"
EndProject
Project("{FAE04EC0-301F-11D3-BF4B-00C04F79EFBC}") = "Valuegate.Tests.UnitTests", "Valuegate.Tests.UnitTests\Valuegate.Tests.UnitTests.csproj", "{F89DFBF7-96AC-4CCC-BE74-06A26850A650}"
EndProject
Global
	GlobalSection(SolutionConfigurationPlatforms) = preSolution
		Debug|Any CPU = Debug|Any CPU
		Release|Any CPU = Release|Any CPU
	EndGlobalSection
	GlobalSection(ProjectConfigurationPlatforms) = postSolution
		{D48D6487-3B67-46EF-8BA0-BA2FD8EBF581}.Debug|Any CPU.ActiveCfg = Debug|Any CPU
		{D48D6487-3B67-46EF-8BA0-BA2FD8EBF581}.Debug|Any CPU.Build.0 = Debug|Any CPU
		{D48D6487-3B67-46EF-8BA0-BA2FD8EBF581}.Release|Any CPU.ActiveCfg = Release|Any CPU
		{D48D6487-3B67-46EF-8BA0-BA2FD8EBF581}.Release|Any CPU.Build.0 = Release|Any CPU
		{3C87133E-AA38-4C3D-B773-E0481B5475A0}.Debug|Any CPU.ActiveCfg = Debug|Any CPU
		{3C87133E-AA38-4C3D-B773-E0481B5475A0}.Debug|Any CPU.Build.0 = Debug|Any CPU
		{3C87133E-AA38-4C3D-B773-E0481B5475A0}.Release|Any CPU.ActiveCfg = Release|Any CPU
		{3C87133E-AA38-4C3D-B773-E0481B5475A0}.Release|Any CPU.Build.0 = Release|Any CPU
		{89E684D8-38A2-4739-A9C9-93ABD30EBC60}.Debug|Any CPU.ActiveCfg = Debug|Any CPU
		{89E684D8-38A2-4739-A9C9-93ABD30EBC60}.Debug|Any CPU.Build.0 = Debug|Any CPU
		{89E684D8-38A2-4739-A9C9-93ABD30EBC60}.Release|Any CPU.ActiveCfg = Release|Any CPU
		{89E684D8-38A2-4739-A9C9-93ABD30EBC60}.Release|Any CPU.Build.0 = Release|Any CPU
		{D7BE8DD8-5E90-4358-9B22-B104E60310DD}.Debug|Any CPU.ActiveCfg = Debug|Any CPU
		{D7BE8DD8-5E90-4358-9B22-B104E60310DD}.Debug|Any CPU.Build.0 = Debug|Any CPU
		{D7BE8DD8-5E90-4358-9B22-B104E60310DD}.Release|Any CPU.ActiveCfg = Release|Any CPU
		{D7BE8DD8-5E90-4358-9B22-B104E60310DD}.Release|Any CPU.Build.0 = Release|Any CPU
		{A235B452-3254-4D7A-AD4D-A438546622F0}.Debug|Any CPU.ActiveCfg = Debug|Any CPU
		{A235B452-3254-4D7A-AD4D-A438546622F0}.Debug|Any CPU.Build.0 = Debug|Any CPU
		{A235B452-3254-4D7A-AD4D-A438546622F0}.Release|Any CPU.ActiveCfg = Release|Any CPU
		{A235B452-3254-4D7A-AD4D-A438546622F0}.Release|Any CPU.Build.0 = Release|Any CPU
		{A116BDB6-121B-46EF-8A83-FF240BBE0170}.Debug|Any CPU.ActiveCfg = Debug|Any CPU
		{A116BDB6-121B-46EF-8A83-FF240BBE0170}.Debug|Any CPU.Build.0 = Debug|Any CPU
		{A116BDB6-121B-46EF-8A83-FF240BBE0170}.Release|Any CPU.ActiveCfg = Release|Any CPU
		{A116BDB6-121B-46EF-8A83-FF240BBE0170}.Release|Any CPU.Build.0 = Release|Any CPU
		{F89DFBF7-96AC-4CCC-BE74-06A26850A650}.Debug|Any CPU.ActiveCfg = Debug|Any CPU
		{F89DFBF7-96AC-4CCC-BE74-06A26850A650}.Debug|Any CPU.Build.0 = Debug|Any CPU
		{F89DFBF7-96AC-4CCC-BE74-06A26850A650}.Release|Any CPU.ActiveCfg = Release|Any CPU
		{F89DFBF7-96AC-4CCC-BE74-06A26850A650}.Release|Any CPU.Build.0 = Release|Any CPU
	EndGlobalSection
	GlobalSection(SolutionProperties) = preSolution
		HideSolutionNode = FALSE
	EndGlobalSection
	GlobalSection(ExtensibilityGlobals) = postSolution
		SolutionGuid = {980DCBE1-E4FC-4396-9DCB-5BDD9AA21CE4}
	EndGlobalSection
EndGlobal
